// !$*UTF8*$!
{
	archiveVersion = 1;
	classes = {
	};
	objectVersion = 46;
	objects = {

/* Begin PBXBuildFile section */
		7408AB2D1EFB9A1100015DF7 /* main.m in Sources */ = {isa = PBXBuildFile; fileRef = 7408AB2C1EFB9A1100015DF7 /* main.m */; };
		7408AB301EFB9A1100015DF7 /* AppDelegate.m in Sources */ = {isa = PBXBuildFile; fileRef = 7408AB2F1EFB9A1100015DF7 /* AppDelegate.m */; };
		7408AB331EFB9A1100015DF7 /* ViewController.m in Sources */ = {isa = PBXBuildFile; fileRef = 7408AB321EFB9A1100015DF7 /* ViewController.m */; };
		7408AB361EFB9A1100015DF7 /* Main.storyboard in Resources */ = {isa = PBXBuildFile; fileRef = 7408AB341EFB9A1100015DF7 /* Main.storyboard */; };
		7408AB381EFB9A1100015DF7 /* Assets.xcassets in Resources */ = {isa = PBXBuildFile; fileRef = 7408AB371EFB9A1100015DF7 /* Assets.xcassets */; };
		7408AB3B1EFB9A1100015DF7 /* LaunchScreen.storyboard in Resources */ = {isa = PBXBuildFile; fileRef = 7408AB391EFB9A1100015DF7 /* LaunchScreen.storyboard */; };
		7408AB461EFB9A1200015DF7 /* BlueToothTests.m in Sources */ = {isa = PBXBuildFile; fileRef = 7408AB451EFB9A1200015DF7 /* BlueToothTests.m */; };
		7408AB511EFB9A1200015DF7 /* BlueToothUITests.m in Sources */ = {isa = PBXBuildFile; fileRef = 7408AB501EFB9A1200015DF7 /* BlueToothUITests.m */; };
		7408AB601EFB9BF100015DF7 /* BlueToothModel.m in Sources */ = {isa = PBXBuildFile; fileRef = 7408AB5F1EFB9BF100015DF7 /* BlueToothModel.m */; };
		7408AB631EFBA21700015DF7 /* tableViewCell.m in Sources */ = {isa = PBXBuildFile; fileRef = 7408AB621EFBA21700015DF7 /* tableViewCell.m */; };
/* End PBXBuildFile section */

/* Begin PBXContainerItemProxy section */
		7408AB421EFB9A1100015DF7 /* PBXContainerItemProxy */ = {
			isa = PBXContainerItemProxy;
			containerPortal = 7408AB201EFB9A1100015DF7 /* Project object */;
			proxyType = 1;
			remoteGlobalIDString = 7408AB271EFB9A1100015DF7;
			remoteInfo = BlueTooth;
		};
		7408AB4D1EFB9A1200015DF7 /* PBXContainerItemProxy */ = {
			isa = PBXContainerItemProxy;
			containerPortal = 7408AB201EFB9A1100015DF7 /* Project object */;
			proxyType = 1;
			remoteGlobalIDString = 7408AB271EFB9A1100015DF7;
			remoteInfo = BlueTooth;
		};
/* End PBXContainerItemProxy section */

/* Begin PBXFileReference section */
		7408AB281EFB9A1100015DF7 /* BlueTooth.app */ = {isa = PBXFileReference; explicitFileType = wrapper.application; includeInIndex = 0; path = BlueTooth.app; sourceTree = BUILT_PRODUCTS_DIR; };
		7408AB2C1EFB9A1100015DF7 /* main.m */ = {isa = PBXFileReference; lastKnownFileType = sourcecode.c.objc; path = main.m; sourceTree = "<group>"; };
		7408AB2E1EFB9A1100015DF7 /* AppDelegate.h */ = {isa = PBXFileReference; lastKnownFileType = sourcecode.c.h; path = AppDelegate.h; sourceTree = "<group>"; };
		7408AB2F1EFB9A1100015DF7 /* AppDelegate.m */ = {isa = PBXFileReference; lastKnownFileType = sourcecode.c.objc; path = AppDelegate.m; sourceTree = "<group>"; };
		7408AB311EFB9A1100015DF7 /* ViewController.h */ = {isa = PBXFileReference; lastKnownFileType = sourcecode.c.h; path = ViewController.h; sourceTree = "<group>"; };
		7408AB321EFB9A1100015DF7 /* ViewController.m */ = {isa = PBXFileReference; lastKnownFileType = sourcecode.c.objc; path = ViewController.m; sourceTree = "<group>"; };
		7408AB351EFB9A1100015DF7 /* Base */ = {isa = PBXFileReference; lastKnownFileType = file.storyboard; name = Base; path = Base.lproj/Main.storyboard; sourceTree = "<group>"; };
		7408AB371EFB9A1100015DF7 /* Assets.xcassets */ = {isa = PBXFileReference; lastKnownFileType = folder.assetcatalog; path = Assets.xcassets; sourceTree = "<group>"; };
		7408AB3A1EFB9A1100015DF7 /* Base */ = {isa = PBXFileReference; lastKnownFileType = file.storyboard; name = Base; path = Base.lproj/LaunchScreen.storyboard; sourceTree = "<group>"; };
		7408AB3C1EFB9A1100015DF7 /* Info.plist */ = {isa = PBXFileReference; lastKnownFileType = text.plist.xml; path = Info.plist; sourceTree = "<group>"; };
		7408AB411EFB9A1100015DF7 /* BlueToothTests.xctest */ = {isa = PBXFileReference; explicitFileType = wrapper.cfbundle; includeInIndex = 0; path = BlueToothTests.xctest; sourceTree = BUILT_PRODUCTS_DIR; };
		7408AB451EFB9A1200015DF7 /* BlueToothTests.m */ = {isa = PBXFileReference; lastKnownFileType = sourcecode.c.objc; path = BlueToothTests.m; sourceTree = "<group>"; };
		7408AB471EFB9A1200015DF7 /* Info.plist */ = {isa = PBXFileReference; lastKnownFileType = text.plist.xml; path = Info.plist; sourceTree = "<group>"; };
		7408AB4C1EFB9A1200015DF7 /* BlueToothUITests.xctest */ = {isa = PBXFileReference; explicitFileType = wrapper.cfbundle; includeInIndex = 0; path = BlueToothUITests.xctest; sourceTree = BUILT_PRODUCTS_DIR; };
		7408AB501EFB9A1200015DF7 /* BlueToothUITests.m */ = {isa = PBXFileReference; lastKnownFileType = sourcecode.c.objc; path = BlueToothUITests.m; sourceTree = "<group>"; };
		7408AB521EFB9A1200015DF7 /* Info.plist */ = {isa = PBXFileReference; lastKnownFileType = text.plist.xml; path = Info.plist; sourceTree = "<group>"; };
		7408AB5E1EFB9BF100015DF7 /* BlueToothModel.h */ = {isa = PBXFileReference; fileEncoding = 4; lastKnownFileType = sourcecode.c.h; path = BlueToothModel.h; sourceTree = "<group>"; };
		7408AB5F1EFB9BF100015DF7 /* BlueToothModel.m */ = {isa = PBXFileReference; fileEncoding = 4; lastKnownFileType = sourcecode.c.objc; path = BlueToothModel.m; sourceTree = "<group>"; };
		7408AB611EFBA21700015DF7 /* tableViewCell.h */ = {isa = PBXFileReference; fileEncoding = 4; lastKnownFileType = sourcecode.c.h; path = tableViewCell.h; sourceTree = "<group>"; };
		7408AB621EFBA21700015DF7 /* tableViewCell.m */ = {isa = PBXFileReference; fileEncoding = 4; lastKnownFileType = sourcecode.c.objc; path = tableViewCell.m; sourceTree = "<group>"; };
/* End PBXFileReference section */

/* Begin PBXFrameworksBuildPhase section */
		7408AB251EFB9A1100015DF7 /* Frameworks */ = {
			isa = PBXFrameworksBuildPhase;
			buildActionMask = 2147483647;
			files = (
			);
			runOnlyForDeploymentPostprocessing = 0;
		};
		7408AB3E1EFB9A1100015DF7 /* Frameworks */ = {
			isa = PBXFrameworksBuildPhase;
			buildActionMask = 2147483647;
			files = (
			);
			runOnlyForDeploymentPostprocessing = 0;
		};
		7408AB491EFB9A1200015DF7 /* Frameworks */ = {
			isa = PBXFrameworksBuildPhase;
			buildActionMask = 2147483647;
			files = (
			);
			runOnlyForDeploymentPostprocessing = 0;
		};
/* End PBXFrameworksBuildPhase section */

/* Begin PBXGroup section */
		7408AB1F1EFB9A1100015DF7 = {
			isa = PBXGroup;
			children = (
				7408AB2A1EFB9A1100015DF7 /* BlueTooth */,
				7408AB441EFB9A1100015DF7 /* BlueToothTests */,
				7408AB4F1EFB9A1200015DF7 /* BlueToothUITests */,
				7408AB291EFB9A1100015DF7 /* Products */,
			);
			sourceTree = "<group>";
		};
		7408AB291EFB9A1100015DF7 /* Products */ = {
			isa = PBXGroup;
			children = (
				7408AB281EFB9A1100015DF7 /* BlueTooth.app */,
				7408AB411EFB9A1100015DF7 /* BlueToothTests.xctest */,
				7408AB4C1EFB9A1200015DF7 /* BlueToothUITests.xctest */,
			);
			name = Products;
			sourceTree = "<group>";
		};
		7408AB2A1EFB9A1100015DF7 /* BlueTooth */ = {
			isa = PBXGroup;
			children = (
				7408AB2E1EFB9A1100015DF7 /* AppDelegate.h */,
				7408AB2F1EFB9A1100015DF7 /* AppDelegate.m */,
				7408AB311EFB9A1100015DF7 /* ViewController.h */,
				7408AB321EFB9A1100015DF7 /* ViewController.m */,
				7408AB611EFBA21700015DF7 /* tableViewCell.h */,
				7408AB621EFBA21700015DF7 /* tableViewCell.m */,
				7408AB5E1EFB9BF100015DF7 /* BlueToothModel.h */,
				7408AB5F1EFB9BF100015DF7 /* BlueToothModel.m */,
				7408AB341EFB9A1100015DF7 /* Main.storyboard */,
				7408AB371EFB9A1100015DF7 /* Assets.xcassets */,
				7408AB391EFB9A1100015DF7 /* LaunchScreen.storyboard */,
				7408AB3C1EFB9A1100015DF7 /* Info.plist */,
				7408AB2B1EFB9A1100015DF7 /* Supporting Files */,
			);
			path = BlueTooth;
			sourceTree = "<group>";
		};
		7408AB2B1EFB9A1100015DF7 /* Supporting Files */ = {
			isa = PBXGroup;
			children = (
				7408AB2C1EFB9A1100015DF7 /* main.m */,
			);
			name = "Supporting Files";
			sourceTree = "<group>";
		};
		7408AB441EFB9A1100015DF7 /* BlueToothTests */ = {
			isa = PBXGroup;
			children = (
				7408AB451EFB9A1200015DF7 /* BlueToothTests.m */,
				7408AB471EFB9A1200015DF7 /* Info.plist */,
			);
			path = BlueToothTests;
			sourceTree = "<group>";
		};
		7408AB4F1EFB9A1200015DF7 /* BlueToothUITests */ = {
			isa = PBXGroup;
			children = (
				7408AB501EFB9A1200015DF7 /* BlueToothUITests.m */,
				7408AB521EFB9A1200015DF7 /* Info.plist */,
			);
			path = BlueToothUITests;
			sourceTree = "<group>";
		};
/* End PBXGroup section */

/* Begin PBXNativeTarget section */
		7408AB271EFB9A1100015DF7 /* BlueTooth */ = {
			isa = PBXNativeTarget;
			buildConfigurationList = 7408AB551EFB9A1200015DF7 /* Build configuration list for PBXNativeTarget "BlueTooth" */;
			buildPhases = (
				7408AB241EFB9A1100015DF7 /* Sources */,
				7408AB251EFB9A1100015DF7 /* Frameworks */,
				7408AB261EFB9A1100015DF7 /* Resources */,
			);
			buildRules = (
			);
			dependencies = (
			);
			name = BlueTooth;
			productName = BlueTooth;
			productReference = 7408AB281EFB9A1100015DF7 /* BlueTooth.app */;
			productType = "com.apple.product-type.application";
		};
		7408AB401EFB9A1100015DF7 /* BlueToothTests */ = {
			isa = PBXNativeTarget;
			buildConfigurationList = 7408AB581EFB9A1200015DF7 /* Build configuration list for PBXNativeTarget "BlueToothTests" */;
			buildPhases = (
				7408AB3D1EFB9A1100015DF7 /* Sources */,
				7408AB3E1EFB9A1100015DF7 /* Frameworks */,
				7408AB3F1EFB9A1100015DF7 /* Resources */,
			);
			buildRules = (
			);
			dependencies = (
				7408AB431EFB9A1100015DF7 /* PBXTargetDependency */,
			);
			name = BlueToothTests;
			productName = BlueToothTests;
			productReference = 7408AB411EFB9A1100015DF7 /* BlueToothTests.xctest */;
			productType = "com.apple.product-type.bundle.unit-test";
		};
		7408AB4B1EFB9A1200015DF7 /* BlueToothUITests */ = {
			isa = PBXNativeTarget;
			buildConfigurationList = 7408AB5B1EFB9A1200015DF7 /* Build configuration list for PBXNativeTarget "BlueToothUITests" */;
			buildPhases = (
				7408AB481EFB9A1200015DF7 /* Sources */,
				7408AB491EFB9A1200015DF7 /* Frameworks */,
				7408AB4A1EFB9A1200015DF7 /* Resources */,
			);
			buildRules = (
			);
			dependencies = (
				7408AB4E1EFB9A1200015DF7 /* PBXTargetDependency */,
			);
			name = BlueToothUITests;
			productName = BlueToothUITests;
			productReference = 7408AB4C1EFB9A1200015DF7 /* BlueToothUITests.xctest */;
			productType = "com.apple.product-type.bundle.ui-testing";
		};
/* End PBXNativeTarget section */

/* Begin PBXProject section */
		7408AB201EFB9A1100015DF7 /* Project object */ = {
			isa = PBXProject;
			attributes = {
				LastUpgradeCheck = 0830;
				ORGANIZATIONNAME = WangShengKui;
				TargetAttributes = {
					7408AB271EFB9A1100015DF7 = {
						CreatedOnToolsVersion = 8.3.3;
						DevelopmentTeam = J9WL29R87J;
						ProvisioningStyle = Automatic;
					};
					7408AB401EFB9A1100015DF7 = {
						CreatedOnToolsVersion = 8.3.3;
						DevelopmentTeam = J9WL29R87J;
						ProvisioningStyle = Automatic;
						TestTargetID = 7408AB271EFB9A1100015DF7;
					};
					7408AB4B1EFB9A1200015DF7 = {
						CreatedOnToolsVersion = 8.3.3;
						DevelopmentTeam = J9WL29R87J;
						ProvisioningStyle = Automatic;
						TestTargetID = 7408AB271EFB9A1100015DF7;
					};
				};
			};
			buildConfigurationList = 7408AB231EFB9A1100015DF7 /* Build configuration list for PBXProject "BlueTooth" */;
			compatibilityVersion = "Xcode 3.2";
			developmentRegion = English;
			hasScannedForEncodings = 0;
			knownRegions = (
				en,
				Base,
			);
			mainGroup = 7408AB1F1EFB9A1100015DF7;
			productRefGroup = 7408AB291EFB9A1100015DF7 /* Products */;
			projectDirPath = "";
			projectRoot = "";
			targets = (
				7408AB271EFB9A1100015DF7 /* BlueTooth */,
				7408AB401EFB9A1100015DF7 /* BlueToothTests */,
				7408AB4B1EFB9A1200015DF7 /* BlueToothUITests */,
			);
		};
/* End PBXProject section */

/* Begin PBXResourcesBuildPhase section */
		7408AB261EFB9A1100015DF7 /* Resources */ = {
			isa = PBXResourcesBuildPhase;
			buildActionMask = 2147483647;
			files = (
				7408AB3B1EFB9A1100015DF7 /* LaunchScreen.storyboard in Resources */,
				7408AB381EFB9A1100015DF7 /* Assets.xcassets in Resources */,
				7408AB361EFB9A1100015DF7 /* Main.storyboard in Resources */,
			);
			runOnlyForDeploymentPostprocessing = 0;
		};
		7408AB3F1EFB9A1100015DF7 /* Resources */ = {
			isa = PBXResourcesBuildPhase;
			buildActionMask = 2147483647;
			files = (
			);
			runOnlyForDeploymentPostprocessing = 0;
		};
		7408AB4A1EFB9A1200015DF7 /* Resources */ = {
			isa = PBXResourcesBuildPhase;
			buildActionMask = 2147483647;
			files = (
			);
			runOnlyForDeploymentPostprocessing = 0;
		};
/* End PBXResourcesBuildPhase section */

/* Begin PBXSourcesBuildPhase section */
		7408AB241EFB9A1100015DF7 /* Sources */ = {
			isa = PBXSourcesBuildPhase;
			buildActionMask = 2147483647;
			files = (
				7408AB331EFB9A1100015DF7 /* ViewController.m in Sources */,
				7408AB301EFB9A1100015DF7 /* AppDelegate.m in Sources */,
				7408AB631EFBA21700015DF7 /* tableViewCell.m in Sources */,
				7408AB601EFB9BF100015DF7 /* BlueToothModel.m in Sources */,
				7408AB2D1EFB9A1100015DF7 /* main.m in Sources */,
			);
			runOnlyForDeploymentPostprocessing = 0;
		};
		7408AB3D1EFB9A1100015DF7 /* Sources */ = {
			isa = PBXSourcesBuildPhase;
			buildActionMask = 2147483647;
			files = (
				7408AB461EFB9A1200015DF7 /* BlueToothTests.m in Sources */,
			);
			runOnlyForDeploymentPostprocessing = 0;
		};
		7408AB481EFB9A1200015DF7 /* Sources */ = {
			isa = PBXSourcesBuildPhase;
			buildActionMask = 2147483647;
			files = (
				7408AB511EFB9A1200015DF7 /* BlueToothUITests.m in Sources */,
			);
			runOnlyForDeploymentPostprocessing = 0;
		};
/* End PBXSourcesBuildPhase section */

/* Begin PBXTargetDependency section */
		7408AB431EFB9A1100015DF7 /* PBXTargetDependency */ = {
			isa = PBXTargetDependency;
			target = 7408AB271EFB9A1100015DF7 /* BlueTooth */;
			targetProxy = 7408AB421EFB9A1100015DF7 /* PBXContainerItemProxy */;
		};
		7408AB4E1EFB9A1200015DF7 /* PBXTargetDependency */ = {
			isa = PBXTargetDependency;
			target = 7408AB271EFB9A1100015DF7 /* BlueTooth */;
			targetProxy = 7408AB4D1EFB9A1200015DF7 /* PBXContainerItemProxy */;
		};
/* End PBXTargetDependency section */

/* Begin PBXVariantGroup section */
		7408AB341EFB9A1100015DF7 /* Main.storyboard */ = {
			isa = PBXVariantGroup;
			children = (
				7408AB351EFB9A1100015DF7 /* Base */,
			);
			name = Main.storyboard;
			sourceTree = "<group>";
		};
		7408AB391EFB9A1100015DF7 /* LaunchScreen.storyboard */ = {
			isa = PBXVariantGroup;
			children = (
				7408AB3A1EFB9A1100015DF7 /* Base */,
			);
			name = LaunchScreen.storyboard;
			sourceTree = "<group>";
		};
/* End PBXVariantGroup section */

/* Begin XCBuildConfiguration section */
		7408AB531EFB9A1200015DF7 /* Debug */ = {
			isa = XCBuildConfiguration;
			buildSettings = {
				ALWAYS_SEARCH_USER_PATHS = NO;
				CLANG_ANALYZER_NONNULL = YES;
				CLANG_ANALYZER_NUMBER_OBJECT_CONVERSION = YES_AGGRESSIVE;
				CLANG_CXX_LANGUAGE_STANDARD = "gnu++0x";
				CLANG_CXX_LIBRARY = "libc++";
				CLANG_ENABLE_MODULES = YES;
				CLANG_ENABLE_OBJC_ARC = YES;
				CLANG_WARN_BOOL_CONVERSION = YES;
				CLANG_WARN_CONSTANT_CONVERSION = YES;
				CLANG_WARN_DIRECT_OBJC_ISA_USAGE = YES_ERROR;
				CLANG_WARN_DOCUMENTATION_COMMENTS = YES;
				CLANG_WARN_EMPTY_BODY = YES;
				CLANG_WARN_ENUM_CONVERSION = YES;
				CLANG_WARN_INFINITE_RECURSION = YES;
				CLANG_WARN_INT_CONVERSION = YES;
				CLANG_WARN_OBJC_ROOT_CLASS = YES_ERROR;
				CLANG_WARN_SUSPICIOUS_MOVE = YES;
				CLANG_WARN_UNREACHABLE_CODE = YES;
				CLANG_WARN__DUPLICATE_METHOD_MATCH = YES;
				"CODE_SIGN_IDENTITY[sdk=iphoneos*]" = "iPhone Developer";
				COPY_PHASE_STRIP = NO;
				DEBUG_INFORMATION_FORMAT = dwarf;
				ENABLE_STRICT_OBJC_MSGSEND = YES;
				ENABLE_TESTABILITY = YES;
				GCC_C_LANGUAGE_STANDARD = gnu99;
				GCC_DYNAMIC_NO_PIC = NO;
				GCC_NO_COMMON_BLOCKS = YES;
				GCC_OPTIMIZATION_LEVEL = 0;
				GCC_PREPROCESSOR_DEFINITIONS = (
					"DEBUG=1",
					"$(inherited)",
				);
				GCC_WARN_64_TO_32_BIT_CONVERSION = YES;
				GCC_WARN_ABOUT_RETURN_TYPE = YES_ERROR;
				GCC_WARN_UNDECLARED_SELECTOR = YES;
				GCC_WARN_UNINITIALIZED_AUTOS = YES_AGGRESSIVE;
				GCC_WARN_UNUSED_FUNCTION = YES;
				GCC_WARN_UNUSED_VARIABLE = YES;
				IPHONEOS_DEPLOYMENT_TARGET = 10.3;
				MTL_ENABLE_DEBUG_INFO = YES;
				ONLY_ACTIVE_ARCH = YES;
				SDKROOT = iphoneos;
			};
			name = Debug;
		};
		7408AB541EFB9A1200015DF7 /* Release */ = {
			isa = XCBuildConfiguration;
			buildSettings = {
				ALWAYS_SEARCH_USER_PATHS = NO;
				CLANG_ANALYZER_NONNULL = YES;
				CLANG_ANALYZER_NUMBER_OBJECT_CONVERSION = YES_AGGRESSIVE;
				CLANG_CXX_LANGUAGE_STANDARD = "gnu++0x";
				CLANG_CXX_LIBRARY = "libc++";
				CLANG_ENABLE_MODULES = YES;
				CLANG_ENABLE_OBJC_ARC = YES;
				CLANG_WARN_BOOL_CONVERSION = YES;
				CLANG_WARN_CONSTANT_CONVERSION = YES;
				CLANG_WARN_DIRECT_OBJC_ISA_USAGE = YES_ERROR;
				CLANG_WARN_DOCUMENTATION_COMMENTS = YES;
				CLANG_WARN_EMPTY_BODY = YES;
				CLANG_WARN_ENUM_CONVERSION = YES;
				CLANG_WARN_INFINITE_RECURSION = YES;
				CLANG_WARN_INT_CONVERSION = YES;
				CLANG_WARN_OBJC_ROOT_CLASS = YES_ERROR;
				CLANG_WARN_SUSPICIOUS_MOVE = YES;
				CLANG_WARN_UNREACHABLE_CODE = YES;
				CLANG_WARN__DUPLICATE_METHOD_MATCH = YES;
				"CODE_SIGN_IDENTITY[sdk=iphoneos*]" = "iPhone Developer";
				COPY_PHASE_STRIP = NO;
				DEBUG_INFORMATION_FORMAT = "dwarf-with-dsym";
				ENABLE_NS_ASSERTIONS = NO;
				ENABLE_STRICT_OBJC_MSGSEND = YES;
				GCC_C_LANGUAGE_STANDARD = gnu99;
				GCC_NO_COMMON_BLOCKS = YES;
				GCC_WARN_64_TO_32_BIT_CONVERSION = YES;
				GCC_WARN_ABOUT_RETURN_TYPE = YES_ERROR;
				GCC_WARN_UNDECLARED_SELECTOR = YES;
				GCC_WARN_UNINITIALIZED_AUTOS = YES_AGGRESSIVE;
				GCC_WARN_UNUSED_FUNCTION = YES;
				GCC_WARN_UNUSED_VARIABLE = YES;
				IPHONEOS_DEPLOYMENT_TARGET = 10.3;
				MTL_ENABLE_DEBUG_INFO = NO;
				SDKROOT = iphoneos;
				VALIDATE_PRODUCT = YES;
			};
			name = Release;
		};
		7408AB561EFB9A1200015DF7 /* Debug */ = {
			isa = XCBuildConfiguration;
			buildSettings = {
				ASSETCATALOG_COMPILER_APPICON_NAME = AppIcon;
				DEVELOPMENT_TEAM = J9WL29R87J;
				INFOPLIST_FILE = BlueTooth/Info.plist;
				LD_RUNPATH_SEARCH_PATHS = "$(inherited) @executable_path/Frameworks";
				PRODUCT_BUNDLE_IDENTIFIER = com.370969280.BlueTooth;
				PRODUCT_NAME = "$(TARGET_NAME)";
			};
			name = Debug;
		};
		7408AB571EFB9A1200015DF7 /* Release */ = {
			isa = XCBuildConfiguration;
			buildSettings = {
				ASSETCATALOG_COMPILER_APPICON_NAME = AppIcon;
				DEVELOPMENT_TEAM = J9WL29R87J;
				INFOPLIST_FILE = BlueTooth/Info.plist;
				LD_RUNPATH_SEARCH_PATHS = "$(inherited) @executable_path/Frameworks";
				PRODUCT_BUNDLE_IDENTIFIER = com.370969280.BlueTooth;
				PRODUCT_NAME = "$(TARGET_NAME)";
			};
			name = Release;
		};
		7408AB591EFB9A1200015DF7 /* Debug */ = {
			isa = XCBuildConfiguration;
			buildSettings = {
				BUNDLE_LOADER = "$(TEST_HOST)";
				DEVELOPMENT_TEAM = J9WL29R87J;
				INFOPLIST_FILE = BlueToothTests/Info.plist;
				LD_RUNPATH_SEARCH_PATHS = "$(inherited) @executable_path/Frameworks @loader_path/Frameworks";
				PRODUCT_BUNDLE_IDENTIFIER = com.370969280.BlueToothTests;
				PRODUCT_NAME = "$(TARGET_NAME)";
				TEST_HOST = "$(BUILT_PRODUCTS_DIR)/BlueTooth.app/BlueTooth";
			};
			name = Debug;
		};
		7408AB5A1EFB9A1200015DF7 /* Release */ = {
			isa = XCBuildConfiguration;
			buildSettings = {
				BUNDLE_LOADER = "$(TEST_HOST)";
				DEVELOPMENT_TEAM = J9WL29R87J;
				INFOPLIST_FILE = BlueToothTests/Info.plist;
				LD_RUNPATH_SEARCH_PATHS = "$(inherited) @executable_path/Frameworks @loader_path/Frameworks";
				PRODUCT_BUNDLE_IDENTIFIER = com.370969280.BlueToothTests;
				PRODUCT_NAME = "$(TARGET_NAME)";
				TEST_HOST = "$(BUILT_PRODUCTS_DIR)/BlueTooth.app/BlueTooth";
			};
			name = Release;
		};
		7408AB5C1EFB9A1200015DF7 /* Debug */ = {
			isa = XCBuildConfiguration;
			buildSettings = {
				DEVELOPMENT_TEAM = J9WL29R87J;
				INFOPLIST_FILE = BlueToothUITests/Info.plist;
				LD_RUNPATH_SEARCH_PATHS = "$(inherited) @executable_path/Frameworks @loader_path/Frameworks";
				PRODUCT_BUNDLE_IDENTIFIER = com.370969280.BlueToothUITests;
				PRODUCT_NAME = "$(TARGET_NAME)";
				TEST_TARGET_NAME = BlueTooth;
			};
			name = Debug;
		};
		7408AB5D1EFB9A1200015DF7 /* Release */ = {
			isa = XCBuildConfiguration;
			buildSettings = {
				DEVELOPMENT_TEAM = J9WL29R87J;
				INFOPLIST_FILE = BlueToothUITests/Info.plist;
				LD_RUNPATH_SEARCH_PATHS = "$(inherited) @executable_path/Frameworks @loader_path/Frameworks";
				PRODUCT_BUNDLE_IDENTIFIER = com.370969280.BlueToothUITests;
				PRODUCT_NAME = "$(TARGET_NAME)";
				TEST_TARGET_NAME = BlueTooth;
			};
			name = Release;
		};
/* End XCBuildConfiguration section */

/* Begin XCConfigurationList section */
		7408AB231EFB9A1100015DF7 /* Build configuration list for PBXProject "BlueTooth" */ = {
			isa = XCConfigurationList;
			buildConfigurations = (
				7408AB531EFB9A1200015DF7 /* Debug */,
				7408AB541EFB9A1200015DF7 /* Release */,
			);
			defaultConfigurationIsVisible = 0;
			defaultConfigurationName = Release;
		};
		7408AB551EFB9A1200015DF7 /* Build configuration list for PBXNativeTarget "BlueTooth" */ = {
			isa = XCConfigurationList;
			buildConfigurations = (
				7408AB561EFB9A1200015DF7 /* Debug */,
				7408AB571EFB9A1200015DF7 /* Release */,
			);
			defaultConfigurationIsVisible = 0;
		};
		7408AB581EFB9A1200015DF7 /* Build configuration list for PBXNativeTarget "BlueToothTests" */ = {
			isa = XCConfigurationList;
			buildConfigurations = (
				7408AB591EFB9A1200015DF7 /* Debug */,
				7408AB5A1EFB9A1200015DF7 /* Release */,
			);
			defaultConfigurationIsVisible = 0;
		};
		7408AB5B1EFB9A1200015DF7 /* Build configuration list for PBXNativeTarget "BlueToothUITests" */ = {
			isa = XCConfigurationList;
			buildConfigurations = (
				7408AB5C1EFB9A1200015DF7 /* Debug */,
				7408AB5D1EFB9A1200015DF7 /* Release */,
			);
			defaultConfigurationIsVisible = 0;
		};
/* End XCConfigurationList section */
	};
	rootObject = 7408AB201EFB9A1100015DF7 /* Project object */;
}
